
Microsoft Visual Studio Solution File, Format Version 11.00
# Visual Studio 2010
Project("{FAE04EC0-301F-11D3-BF4B-00C04F79EFBC}") = "VuforiaScripts", "VuforiaScripts.csproj", "{DD6BB486-9380-225E-CFFA-651D20DA90B5}"
EndProject
Project("{FAE04EC0-301F-11D3-BF4B-00C04F79EFBC}") = "Assembly-CSharp", "Assembly-CSharp.csproj", "{195795F9-CEBE-1400-DDE8-5E7809EFDC4A}"
EndProject
Project("{FAE04EC0-301F-11D3-BF4B-00C04F79EFBC}") = "VuforiaEditorScripts", "VuforiaEditorScripts.csproj", "{6652FD9D-C9E6-B32A-0C0B-02B4116E0C25}"
EndProject
Project("{FAE04EC0-301F-11D3-BF4B-00C04F79EFBC}") = "Assembly-CSharp-Editor", "Assembly-CSharp-Editor.csproj", "{DBEFF717-0856-ADF8-393E-FD34E10B236F}"
EndProject
Global
	GlobalSection(SolutionConfigurationPlatforms) = preSolution
		Debug|Any CPU = Debug|Any CPU
		Release|Any CPU = Release|Any CPU
	EndGlobalSection
	GlobalSection(ProjectConfigurationPlatforms) = postSolution
		{DD6BB486-9380-225E-CFFA-651D20DA90B5}.Debug|Any CPU.ActiveCfg = Debug|Any CPU
		{DD6BB486-9380-225E-CFFA-651D20DA90B5}.Debug|Any CPU.Build.0 = Debug|Any CPU
		{DD6BB486-9380-225E-CFFA-651D20DA90B5}.Release|Any CPU.ActiveCfg = Release|Any CPU
		{DD6BB486-9380-225E-CFFA-651D20DA90B5}.Release|Any CPU.Build.0 = Release|Any CPU
		{195795F9-CEBE-1400-DDE8-5E7809EFDC4A}.Debug|Any CPU.ActiveCfg = Debug|Any CPU
		{195795F9-CEBE-1400-DDE8-5E7809EFDC4A}.Debug|Any CPU.Build.0 = Debug|Any CPU
		{195795F9-CEBE-1400-DDE8-5E7809EFDC4A}.Release|Any CPU.ActiveCfg = Release|Any CPU
		{195795F9-CEBE-1400-DDE8-5E7809EFDC4A}.Release|Any CPU.Build.0 = Release|Any CPU
		{6652FD9D-C9E6-B32A-0C0B-02B4116E0C25}.Debug|Any CPU.ActiveCfg = Debug|Any CPU
		{6652FD9D-C9E6-B32A-0C0B-02B4116E0C25}.Debug|Any CPU.Build.0 = Debug|Any CPU
		{6652FD9D-C9E6-B32A-0C0B-02B4116E0C25}.Release|Any CPU.ActiveCfg = Release|Any CPU
		{6652FD9D-C9E6-B32A-0C0B-02B4116E0C25}.Release|Any CPU.Build.0 = Release|Any CPU
		{DBEFF717-0856-ADF8-393E-FD34E10B236F}.Debug|Any CPU.ActiveCfg = Debug|Any CPU
		{DBEFF717-0856-ADF8-393E-FD34E10B236F}.Debug|Any CPU.Build.0 = Debug|Any CPU
		{DBEFF717-0856-ADF8-393E-FD34E10B236F}.Release|Any CPU.ActiveCfg = Release|Any CPU
		{DBEFF717-0856-ADF8-393E-FD34E10B236F}.Release|Any CPU.Build.0 = Release|Any CPU
	EndGlobalSection
	GlobalSection(SolutionProperties) = preSolution
		HideSolutionNode = FALSE
	EndGlobalSection
	GlobalSection(MonoDevelopProperties) = preSolution
		StartupItem = Assembly-CSharp.csproj
	EndGlobalSection
EndGlobal
